// !$*UTF8*$!
{
	archiveVersion = 1;
	classes = {
	};
	objectVersion = 46;
	objects = {

/* Begin PBXBuildFile section */
		8BCC7C2A4D6DEB265F43F7C6 /* libPods.a in Frameworks */ = {isa = PBXBuildFile; fileRef = CB112C7D9F7E7F46F6A5004F /* libPods.a */; };
		DA37DF101BCE342200343104 /* WelcomePageViewController.m in Sources */ = {isa = PBXBuildFile; fileRef = DA37DF0F1BCE342200343104 /* WelcomePageViewController.m */; settings = {ASSET_TAGS = (); }; };
		DA6D5F291BD20D2200101B7E /* Utils.m in Sources */ = {isa = PBXBuildFile; fileRef = DA6D5F281BD20D2200101B7E /* Utils.m */; settings = {ASSET_TAGS = (); }; };
		DA6D5F2C1BD2107600101B7E /* Constants.m in Sources */ = {isa = PBXBuildFile; fileRef = DA6D5F2B1BD2107600101B7E /* Constants.m */; settings = {ASSET_TAGS = (); }; };
		DAB1FA751BCE636100EBCE2A /* ICETutorialController.m in Sources */ = {isa = PBXBuildFile; fileRef = DAB1FA701BCE636100EBCE2A /* ICETutorialController.m */; settings = {ASSET_TAGS = (); }; };
		DAB1FA761BCE636100EBCE2A /* ICETutorialPage.m in Sources */ = {isa = PBXBuildFile; fileRef = DAB1FA721BCE636100EBCE2A /* ICETutorialPage.m */; settings = {ASSET_TAGS = (); }; };
		DAB1FA771BCE636100EBCE2A /* ICETutorialStyle.m in Sources */ = {isa = PBXBuildFile; fileRef = DAB1FA741BCE636100EBCE2A /* ICETutorialStyle.m */; settings = {ASSET_TAGS = (); }; };
		DAC1905E1BC905BD00F3808C /* Localizable.strings in Resources */ = {isa = PBXBuildFile; fileRef = DAC190601BC905BD00F3808C /* Localizable.strings */; };
		DAE1E9C01BC7929900DC7272 /* main.m in Sources */ = {isa = PBXBuildFile; fileRef = DAE1E9BF1BC7929900DC7272 /* main.m */; };
		DAE1E9C31BC7929900DC7272 /* AppDelegate.m in Sources */ = {isa = PBXBuildFile; fileRef = DAE1E9C21BC7929900DC7272 /* AppDelegate.m */; };
		DAE1E9C91BC7929900DC7272 /* Main.storyboard in Resources */ = {isa = PBXBuildFile; fileRef = DAE1E9C71BC7929900DC7272 /* Main.storyboard */; settings = {ASSET_TAGS = (); }; };
		DAE1E9CB1BC7929900DC7272 /* Assets.xcassets in Resources */ = {isa = PBXBuildFile; fileRef = DAE1E9CA1BC7929900DC7272 /* Assets.xcassets */; };
		DAE1E9CE1BC7929900DC7272 /* LaunchScreen.storyboard in Resources */ = {isa = PBXBuildFile; fileRef = DAE1E9CC1BC7929900DC7272 /* LaunchScreen.storyboard */; };
		DAE1E9D91BC7929900DC7272 /* _D_TestTests.m in Sources */ = {isa = PBXBuildFile; fileRef = DAE1E9D81BC7929900DC7272 /* _D_TestTests.m */; };
		DAE1E9E41BC7929900DC7272 /* _D_TestUITests.m in Sources */ = {isa = PBXBuildFile; fileRef = DAE1E9E31BC7929900DC7272 /* _D_TestUITests.m */; };
		DAE1E9FB1BC7A06D00DC7272 /* VideoCollectionViewController.m in Sources */ = {isa = PBXBuildFile; fileRef = DAE1E9FA1BC7A06D00DC7272 /* VideoCollectionViewController.m */; settings = {ASSET_TAGS = (); }; };
		DAE1E9FD1BC7C4EC00DC7272 /* AVFoundation.framework in Frameworks */ = {isa = PBXBuildFile; fileRef = DAE1E9FC1BC7C4EC00DC7272 /* AVFoundation.framework */; };
/* End PBXBuildFile section */

/* Begin PBXContainerItemProxy section */
		DAE1E9D51BC7929900DC7272 /* PBXContainerItemProxy */ = {
			isa = PBXContainerItemProxy;
			containerPortal = DAE1E9B31BC7929900DC7272 /* Project object */;
			proxyType = 1;
			remoteGlobalIDString = DAE1E9BA1BC7929900DC7272;
			remoteInfo = "3D Test";
		};
		DAE1E9E01BC7929900DC7272 /* PBXContainerItemProxy */ = {
			isa = PBXContainerItemProxy;
			containerPortal = DAE1E9B31BC7929900DC7272 /* Project object */;
			proxyType = 1;
			remoteGlobalIDString = DAE1E9BA1BC7929900DC7272;
			remoteInfo = "3D Test";
		};
/* End PBXContainerItemProxy section */

/* Begin PBXFileReference section */
		332E95F1A26281648206D719 /* Pods.release.xcconfig */ = {isa = PBXFileReference; includeInIndex = 1; lastKnownFileType = text.xcconfig; name = Pods.release.xcconfig; path = "Pods/Target Support Files/Pods/Pods.release.xcconfig"; sourceTree = "<group>"; };
		70094EE5BE5399809F5721BA /* Pods.debug.xcconfig */ = {isa = PBXFileReference; includeInIndex = 1; lastKnownFileType = text.xcconfig; name = Pods.debug.xcconfig; path = "Pods/Target Support Files/Pods/Pods.debug.xcconfig"; sourceTree = "<group>"; };
		CB112C7D9F7E7F46F6A5004F /* libPods.a */ = {isa = PBXFileReference; explicitFileType = archive.ar; includeInIndex = 0; path = libPods.a; sourceTree = BUILT_PRODUCTS_DIR; };
		DA37DF0E1BCE342200343104 /* WelcomePageViewController.h */ = {isa = PBXFileReference; fileEncoding = 4; lastKnownFileType = sourcecode.c.h; path = WelcomePageViewController.h; sourceTree = "<group>"; };
		DA37DF0F1BCE342200343104 /* WelcomePageViewController.m */ = {isa = PBXFileReference; fileEncoding = 4; lastKnownFileType = sourcecode.c.objc; path = WelcomePageViewController.m; sourceTree = "<group>"; };
		DA6D5F271BD20D2200101B7E /* Utils.h */ = {isa = PBXFileReference; fileEncoding = 4; lastKnownFileType = sourcecode.c.h; path = Utils.h; sourceTree = "<group>"; };
		DA6D5F281BD20D2200101B7E /* Utils.m */ = {isa = PBXFileReference; fileEncoding = 4; lastKnownFileType = sourcecode.c.objc; path = Utils.m; sourceTree = "<group>"; };
		DA6D5F2A1BD2107600101B7E /* Constants.h */ = {isa = PBXFileReference; fileEncoding = 4; lastKnownFileType = sourcecode.c.h; path = Constants.h; sourceTree = "<group>"; };
		DA6D5F2B1BD2107600101B7E /* Constants.m */ = {isa = PBXFileReference; fileEncoding = 4; lastKnownFileType = sourcecode.c.objc; path = Constants.m; sourceTree = "<group>"; };
		DAB1FA6C1BCE5FB500EBCE2A /* zh-Hans */ = {isa = PBXFileReference; lastKnownFileType = text.plist.strings; name = "zh-Hans"; path = "zh-Hans.lproj/Main.strings"; sourceTree = "<group>"; };
		DAB1FA6F1BCE636100EBCE2A /* ICETutorialController.h */ = {isa = PBXFileReference; fileEncoding = 4; lastKnownFileType = sourcecode.c.h; path = ICETutorialController.h; sourceTree = "<group>"; };
		DAB1FA701BCE636100EBCE2A /* ICETutorialController.m */ = {isa = PBXFileReference; fileEncoding = 4; lastKnownFileType = sourcecode.c.objc; path = ICETutorialController.m; sourceTree = "<group>"; };
		DAB1FA711BCE636100EBCE2A /* ICETutorialPage.h */ = {isa = PBXFileReference; fileEncoding = 4; lastKnownFileType = sourcecode.c.h; path = ICETutorialPage.h; sourceTree = "<group>"; };
		DAB1FA721BCE636100EBCE2A /* ICETutorialPage.m */ = {isa = PBXFileReference; fileEncoding = 4; lastKnownFileType = sourcecode.c.objc; path = ICETutorialPage.m; sourceTree = "<group>"; };
		DAB1FA731BCE636100EBCE2A /* ICETutorialStyle.h */ = {isa = PBXFileReference; fileEncoding = 4; lastKnownFileType = sourcecode.c.h; path = ICETutorialStyle.h; sourceTree = "<group>"; };
		DAB1FA741BCE636100EBCE2A /* ICETutorialStyle.m */ = {isa = PBXFileReference; fileEncoding = 4; lastKnownFileType = sourcecode.c.objc; path = ICETutorialStyle.m; sourceTree = "<group>"; };
		DAC1905D1BC9059B00F3808C /* zh-Hans */ = {isa = PBXFileReference; lastKnownFileType = text.plist.strings; name = "zh-Hans"; path = "zh-Hans.lproj/LaunchScreen.strings"; sourceTree = "<group>"; };
		DAC1905F1BC905BD00F3808C /* Base */ = {isa = PBXFileReference; lastKnownFileType = text.plist.strings; name = Base; path = Base.lproj/Localizable.strings; sourceTree = "<group>"; };
		DAC190621BC905C100F3808C /* zh-Hans */ = {isa = PBXFileReference; lastKnownFileType = text.plist.strings; name = "zh-Hans"; path = "zh-Hans.lproj/Localizable.strings"; sourceTree = "<group>"; };
		DAE1E9BB1BC7929900DC7272 /* 3D Test.app */ = {isa = PBXFileReference; explicitFileType = wrapper.application; includeInIndex = 0; path = "3D Test.app"; sourceTree = BUILT_PRODUCTS_DIR; };
		DAE1E9BF1BC7929900DC7272 /* main.m */ = {isa = PBXFileReference; lastKnownFileType = sourcecode.c.objc; path = main.m; sourceTree = "<group>"; };
		DAE1E9C11BC7929900DC7272 /* AppDelegate.h */ = {isa = PBXFileReference; lastKnownFileType = sourcecode.c.h; path = AppDelegate.h; sourceTree = "<group>"; };
		DAE1E9C21BC7929900DC7272 /* AppDelegate.m */ = {isa = PBXFileReference; lastKnownFileType = sourcecode.c.objc; path = AppDelegate.m; sourceTree = "<group>"; };
		DAE1E9C81BC7929900DC7272 /* Base */ = {isa = PBXFileReference; lastKnownFileType = file.storyboard; name = Base; path = Base.lproj/Main.storyboard; sourceTree = "<group>"; };
		DAE1E9CA1BC7929900DC7272 /* Assets.xcassets */ = {isa = PBXFileReference; lastKnownFileType = folder.assetcatalog; path = Assets.xcassets; sourceTree = "<group>"; };
		DAE1E9CD1BC7929900DC7272 /* Base */ = {isa = PBXFileReference; lastKnownFileType = file.storyboard; name = Base; path = Base.lproj/LaunchScreen.storyboard; sourceTree = "<group>"; };
		DAE1E9CF1BC7929900DC7272 /* Info.plist */ = {isa = PBXFileReference; lastKnownFileType = text.plist.xml; path = Info.plist; sourceTree = "<group>"; };
		DAE1E9D41BC7929900DC7272 /* 3D TestTests.xctest */ = {isa = PBXFileReference; explicitFileType = wrapper.cfbundle; includeInIndex = 0; path = "3D TestTests.xctest"; sourceTree = BUILT_PRODUCTS_DIR; };
		DAE1E9D81BC7929900DC7272 /* _D_TestTests.m */ = {isa = PBXFileReference; lastKnownFileType = sourcecode.c.objc; path = _D_TestTests.m; sourceTree = "<group>"; };
		DAE1E9DA1BC7929900DC7272 /* Info.plist */ = {isa = PBXFileReference; lastKnownFileType = text.plist.xml; path = Info.plist; sourceTree = "<group>"; };
		DAE1E9DF1BC7929900DC7272 /* 3D TestUITests.xctest */ = {isa = PBXFileReference; explicitFileType = wrapper.cfbundle; includeInIndex = 0; path = "3D TestUITests.xctest"; sourceTree = BUILT_PRODUCTS_DIR; };
		DAE1E9E31BC7929900DC7272 /* _D_TestUITests.m */ = {isa = PBXFileReference; lastKnownFileType = sourcecode.c.objc; path = _D_TestUITests.m; sourceTree = "<group>"; };
		DAE1E9E51BC7929900DC7272 /* Info.plist */ = {isa = PBXFileReference; lastKnownFileType = text.plist.xml; path = Info.plist; sourceTree = "<group>"; };
		DAE1E9F91BC7A06D00DC7272 /* VideoCollectionViewController.h */ = {isa = PBXFileReference; fileEncoding = 4; lastKnownFileType = sourcecode.c.h; path = VideoCollectionViewController.h; sourceTree = "<group>"; };
		DAE1E9FA1BC7A06D00DC7272 /* VideoCollectionViewController.m */ = {isa = PBXFileReference; fileEncoding = 4; lastKnownFileType = sourcecode.c.objc; path = VideoCollectionViewController.m; sourceTree = "<group>"; };
		DAE1E9FC1BC7C4EC00DC7272 /* AVFoundation.framework */ = {isa = PBXFileReference; lastKnownFileType = wrapper.framework; name = AVFoundation.framework; path = System/Library/Frameworks/AVFoundation.framework; sourceTree = SDKROOT; };
/* End PBXFileReference section */

/* Begin PBXFrameworksBuildPhase section */
		DAE1E9B81BC7929900DC7272 /* Frameworks */ = {
			isa = PBXFrameworksBuildPhase;
			buildActionMask = 2147483647;
			files = (
				DAE1E9FD1BC7C4EC00DC7272 /* AVFoundation.framework in Frameworks */,
				8BCC7C2A4D6DEB265F43F7C6 /* libPods.a in Frameworks */,
			);
			runOnlyForDeploymentPostprocessing = 0;
		};
		DAE1E9D11BC7929900DC7272 /* Frameworks */ = {
			isa = PBXFrameworksBuildPhase;
			buildActionMask = 2147483647;
			files = (
			);
			runOnlyForDeploymentPostprocessing = 0;
		};
		DAE1E9DC1BC7929900DC7272 /* Frameworks */ = {
			isa = PBXFrameworksBuildPhase;
			buildActionMask = 2147483647;
			files = (
			);
			runOnlyForDeploymentPostprocessing = 0;
		};
/* End PBXFrameworksBuildPhase section */

/* Begin PBXGroup section */
		14D27E9D60BCE0A74C53328E /* Frameworks */ = {
			isa = PBXGroup;
			children = (
				DAE1E9FC1BC7C4EC00DC7272 /* AVFoundation.framework */,
				CB112C7D9F7E7F46F6A5004F /* libPods.a */,
			);
			name = Frameworks;
			sourceTree = "<group>";
		};
		B82F103A718B57339D38225F /* Pods */ = {
			isa = PBXGroup;
			children = (
				70094EE5BE5399809F5721BA /* Pods.debug.xcconfig */,
				332E95F1A26281648206D719 /* Pods.release.xcconfig */,
			);
			name = Pods;
			sourceTree = "<group>";
		};
		DA37DF0D1BCE2F5500343104 /* UIViewController */ = {
			isa = PBXGroup;
			children = (
				DAB1FA7B1BCE646600EBCE2A /* WelcomePage */,
				DAB1FA6E1BCE633600EBCE2A /* ICETutorial */,
				DAE1E9F91BC7A06D00DC7272 /* VideoCollectionViewController.h */,
				DAE1E9FA1BC7A06D00DC7272 /* VideoCollectionViewController.m */,
			);
			name = UIViewController;
			sourceTree = "<group>";
		};
		DA37DF501BCE452A00343104 /* UIView */ = {
			isa = PBXGroup;
			children = (
			);
			name = UIView;
			sourceTree = "<group>";
		};
		DA6D5F221BD1F88D00101B7E /* Model */ = {
			isa = PBXGroup;
			children = (
			);
			name = Model;
			sourceTree = "<group>";
		};
		DA6D5F261BD20CFE00101B7E /* Utility */ = {
			isa = PBXGroup;
			children = (
				DA6D5F271BD20D2200101B7E /* Utils.h */,
				DA6D5F281BD20D2200101B7E /* Utils.m */,
				DA6D5F2A1BD2107600101B7E /* Constants.h */,
				DA6D5F2B1BD2107600101B7E /* Constants.m */,
			);
			name = Utility;
			sourceTree = "<group>";
		};
		DAB1FA6E1BCE633600EBCE2A /* ICETutorial */ = {
			isa = PBXGroup;
			children = (
				DAB1FA6F1BCE636100EBCE2A /* ICETutorialController.h */,
				DAB1FA701BCE636100EBCE2A /* ICETutorialController.m */,
				DAB1FA711BCE636100EBCE2A /* ICETutorialPage.h */,
				DAB1FA721BCE636100EBCE2A /* ICETutorialPage.m */,
				DAB1FA731BCE636100EBCE2A /* ICETutorialStyle.h */,
				DAB1FA741BCE636100EBCE2A /* ICETutorialStyle.m */,
			);
			name = ICETutorial;
			sourceTree = "<group>";
		};
		DAB1FA7B1BCE646600EBCE2A /* WelcomePage */ = {
			isa = PBXGroup;
			children = (
				DA37DF0E1BCE342200343104 /* WelcomePageViewController.h */,
				DA37DF0F1BCE342200343104 /* WelcomePageViewController.m */,
			);
			name = WelcomePage;
			sourceTree = "<group>";
		};
		DAE1E9B21BC7929900DC7272 = {
			isa = PBXGroup;
			children = (
				DAE1E9BD1BC7929900DC7272 /* 3D Test */,
				DAE1E9D71BC7929900DC7272 /* 3D TestTests */,
				DAE1E9E21BC7929900DC7272 /* 3D TestUITests */,
				DAE1E9BC1BC7929900DC7272 /* Products */,
				B82F103A718B57339D38225F /* Pods */,
				14D27E9D60BCE0A74C53328E /* Frameworks */,
			);
			sourceTree = "<group>";
		};
		DAE1E9BC1BC7929900DC7272 /* Products */ = {
			isa = PBXGroup;
			children = (
				DAE1E9BB1BC7929900DC7272 /* 3D Test.app */,
				DAE1E9D41BC7929900DC7272 /* 3D TestTests.xctest */,
				DAE1E9DF1BC7929900DC7272 /* 3D TestUITests.xctest */,
			);
			name = Products;
			sourceTree = "<group>";
		};
		DAE1E9BD1BC7929900DC7272 /* 3D Test */ = {
			isa = PBXGroup;
			children = (
				DA6D5F261BD20CFE00101B7E /* Utility */,
				DA6D5F221BD1F88D00101B7E /* Model */,
				DA37DF501BCE452A00343104 /* UIView */,
				DA37DF0D1BCE2F5500343104 /* UIViewController */,
				DAE1E9C11BC7929900DC7272 /* AppDelegate.h */,
				DAE1E9C21BC7929900DC7272 /* AppDelegate.m */,
				DAE1E9C71BC7929900DC7272 /* Main.storyboard */,
				DAE1E9CA1BC7929900DC7272 /* Assets.xcassets */,
				DAE1E9CC1BC7929900DC7272 /* LaunchScreen.storyboard */,
				DAE1E9CF1BC7929900DC7272 /* Info.plist */,
				DAC190601BC905BD00F3808C /* Localizable.strings */,
				DAE1E9BE1BC7929900DC7272 /* Supporting Files */,
			);
			path = "3D Test";
			sourceTree = "<group>";
		};
		DAE1E9BE1BC7929900DC7272 /* Supporting Files */ = {
			isa = PBXGroup;
			children = (
				DAE1E9BF1BC7929900DC7272 /* main.m */,
			);
			name = "Supporting Files";
			sourceTree = "<group>";
		};
		DAE1E9D71BC7929900DC7272 /* 3D TestTests */ = {
			isa = PBXGroup;
			children = (
				DAE1E9D81BC7929900DC7272 /* _D_TestTests.m */,
				DAE1E9DA1BC7929900DC7272 /* Info.plist */,
			);
			path = "3D TestTests";
			sourceTree = "<group>";
		};
		DAE1E9E21BC7929900DC7272 /* 3D TestUITests */ = {
			isa = PBXGroup;
			children = (
				DAE1E9E31BC7929900DC7272 /* _D_TestUITests.m */,
				DAE1E9E51BC7929900DC7272 /* Info.plist */,
			);
			path = "3D TestUITests";
			sourceTree = "<group>";
		};
/* End PBXGroup section */

/* Begin PBXNativeTarget section */
		DAE1E9BA1BC7929900DC7272 /* 3D Test */ = {
			isa = PBXNativeTarget;
			buildConfigurationList = DAE1E9E81BC7929900DC7272 /* Build configuration list for PBXNativeTarget "3D Test" */;
			buildPhases = (
				D5655E2ED1C223676AEEC2F9 /* Check Pods Manifest.lock */,
				DAE1E9B71BC7929900DC7272 /* Sources */,
				DAE1E9B81BC7929900DC7272 /* Frameworks */,
				DAE1E9B91BC7929900DC7272 /* Resources */,
				FA40F65F979F76023F06F893 /* Copy Pods Resources */,
				415B89D334BDC801B7EBD077 /* Embed Pods Frameworks */,
			);
			buildRules = (
			);
			dependencies = (
			);
			name = "3D Test";
			productName = "3D Test";
			productReference = DAE1E9BB1BC7929900DC7272 /* 3D Test.app */;
			productType = "com.apple.product-type.application";
		};
		DAE1E9D31BC7929900DC7272 /* 3D TestTests */ = {
			isa = PBXNativeTarget;
			buildConfigurationList = DAE1E9EB1BC7929900DC7272 /* Build configuration list for PBXNativeTarget "3D TestTests" */;
			buildPhases = (
				DAE1E9D01BC7929900DC7272 /* Sources */,
				DAE1E9D11BC7929900DC7272 /* Frameworks */,
				DAE1E9D21BC7929900DC7272 /* Resources */,
			);
			buildRules = (
			);
			dependencies = (
				DAE1E9D61BC7929900DC7272 /* PBXTargetDependency */,
			);
			name = "3D TestTests";
			productName = "3D TestTests";
			productReference = DAE1E9D41BC7929900DC7272 /* 3D TestTests.xctest */;
			productType = "com.apple.product-type.bundle.unit-test";
		};
		DAE1E9DE1BC7929900DC7272 /* 3D TestUITests */ = {
			isa = PBXNativeTarget;
			buildConfigurationList = DAE1E9EE1BC7929900DC7272 /* Build configuration list for PBXNativeTarget "3D TestUITests" */;
			buildPhases = (
				DAE1E9DB1BC7929900DC7272 /* Sources */,
				DAE1E9DC1BC7929900DC7272 /* Frameworks */,
				DAE1E9DD1BC7929900DC7272 /* Resources */,
			);
			buildRules = (
			);
			dependencies = (
				DAE1E9E11BC7929900DC7272 /* PBXTargetDependency */,
			);
			name = "3D TestUITests";
			productName = "3D TestUITests";
			productReference = DAE1E9DF1BC7929900DC7272 /* 3D TestUITests.xctest */;
			productType = "com.apple.product-type.bundle.ui-testing";
		};
/* End PBXNativeTarget section */

/* Begin PBXProject section */
		DAE1E9B31BC7929900DC7272 /* Project object */ = {
			isa = PBXProject;
			attributes = {
				KnownAssetTags = (
					dsds,
				);
				LastUpgradeCheck = 0700;
				ORGANIZATIONNAME = "Daoyuan Zhai";
				TargetAttributes = {
					DAE1E9BA1BC7929900DC7272 = {
						CreatedOnToolsVersion = 7.0.1;
					};
					DAE1E9D31BC7929900DC7272 = {
						CreatedOnToolsVersion = 7.0.1;
						TestTargetID = DAE1E9BA1BC7929900DC7272;
					};
					DAE1E9DE1BC7929900DC7272 = {
						CreatedOnToolsVersion = 7.0.1;
						TestTargetID = DAE1E9BA1BC7929900DC7272;
					};
				};
			};
			buildConfigurationList = DAE1E9B61BC7929900DC7272 /* Build configuration list for PBXProject "3D Test" */;
			compatibilityVersion = "Xcode 3.2";
			developmentRegion = English;
			hasScannedForEncodings = 0;
			knownRegions = (
				en,
				Base,
				"zh-Hans",
			);
			mainGroup = DAE1E9B21BC7929900DC7272;
			productRefGroup = DAE1E9BC1BC7929900DC7272 /* Products */;
			projectDirPath = "";
			projectRoot = "";
			targets = (
				DAE1E9BA1BC7929900DC7272 /* 3D Test */,
				DAE1E9D31BC7929900DC7272 /* 3D TestTests */,
				DAE1E9DE1BC7929900DC7272 /* 3D TestUITests */,
			);
		};
/* End PBXProject section */

/* Begin PBXResourcesBuildPhase section */
		DAE1E9B91BC7929900DC7272 /* Resources */ = {
			isa = PBXResourcesBuildPhase;
			buildActionMask = 2147483647;
			files = (
				DAE1E9CE1BC7929900DC7272 /* LaunchScreen.storyboard in Resources */,
				DAC1905E1BC905BD00F3808C /* Localizable.strings in Resources */,
				DAE1E9CB1BC7929900DC7272 /* Assets.xcassets in Resources */,
				DAE1E9C91BC7929900DC7272 /* Main.storyboard in Resources */,
			);
			runOnlyForDeploymentPostprocessing = 0;
		};
		DAE1E9D21BC7929900DC7272 /* Resources */ = {
			isa = PBXResourcesBuildPhase;
			buildActionMask = 2147483647;
			files = (
			);
			runOnlyForDeploymentPostprocessing = 0;
		};
		DAE1E9DD1BC7929900DC7272 /* Resources */ = {
			isa = PBXResourcesBuildPhase;
			buildActionMask = 2147483647;
			files = (
			);
			runOnlyForDeploymentPostprocessing = 0;
		};
/* End PBXResourcesBuildPhase section */

/* Begin PBXShellScriptBuildPhase section */
		415B89D334BDC801B7EBD077 /* Embed Pods Frameworks */ = {
			isa = PBXShellScriptBuildPhase;
			buildActionMask = 2147483647;
			files = (
			);
			inputPaths = (
			);
			name = "Embed Pods Frameworks";
			outputPaths = (
			);
			runOnlyForDeploymentPostprocessing = 0;
			shellPath = /bin/sh;
			shellScript = "\"${SRCROOT}/Pods/Target Support Files/Pods/Pods-frameworks.sh\"\n";
			showEnvVarsInLog = 0;
		};
		D5655E2ED1C223676AEEC2F9 /* Check Pods Manifest.lock */ = {
			isa = PBXShellScriptBuildPhase;
			buildActionMask = 2147483647;
			files = (
			);
			inputPaths = (
			);
			name = "Check Pods Manifest.lock";
			outputPaths = (
			);
			runOnlyForDeploymentPostprocessing = 0;
			shellPath = /bin/sh;
			shellScript = "diff \"${PODS_ROOT}/../Podfile.lock\" \"${PODS_ROOT}/Manifest.lock\" > /dev/null\nif [[ $? != 0 ]] ; then\n    cat << EOM\nerror: The sandbox is not in sync with the Podfile.lock. Run 'pod install' or update your CocoaPods installation.\nEOM\n    exit 1\nfi\n";
			showEnvVarsInLog = 0;
		};
		FA40F65F979F76023F06F893 /* Copy Pods Resources */ = {
			isa = PBXShellScriptBuildPhase;
			buildActionMask = 2147483647;
			files = (
			);
			inputPaths = (
			);
			name = "Copy Pods Resources";
			outputPaths = (
			);
			runOnlyForDeploymentPostprocessing = 0;
			shellPath = /bin/sh;
			shellScript = "\"${SRCROOT}/Pods/Target Support Files/Pods/Pods-resources.sh\"\n";
			showEnvVarsInLog = 0;
		};
/* End PBXShellScriptBuildPhase section */

/* Begin PBXSourcesBuildPhase section */
		DAE1E9B71BC7929900DC7272 /* Sources */ = {
			isa = PBXSourcesBuildPhase;
			buildActionMask = 2147483647;
			files = (
				DAB1FA771BCE636100EBCE2A /* ICETutorialStyle.m in Sources */,
				DAB1FA761BCE636100EBCE2A /* ICETutorialPage.m in Sources */,
				DAE1E9C31BC7929900DC7272 /* AppDelegate.m in Sources */,
				DA6D5F291BD20D2200101B7E /* Utils.m in Sources */,
				DAE1E9FB1BC7A06D00DC7272 /* VideoCollectionViewController.m in Sources */,
				DA37DF101BCE342200343104 /* WelcomePageViewController.m in Sources */,
				DAB1FA751BCE636100EBCE2A /* ICETutorialController.m in Sources */,
				DAE1E9C01BC7929900DC7272 /* main.m in Sources */,
				DA6D5F2C1BD2107600101B7E /* Constants.m in Sources */,
			);
			runOnlyForDeploymentPostprocessing = 0;
		};
		DAE1E9D01BC7929900DC7272 /* Sources */ = {
			isa = PBXSourcesBuildPhase;
			buildActionMask = 2147483647;
			files = (
				DAE1E9D91BC7929900DC7272 /* _D_TestTests.m in Sources */,
			);
			runOnlyForDeploymentPostprocessing = 0;
		};
		DAE1E9DB1BC7929900DC7272 /* Sources */ = {
			isa = PBXSourcesBuildPhase;
			buildActionMask = 2147483647;
			files = (
				DAE1E9E41BC7929900DC7272 /* _D_TestUITests.m in Sources */,
			);
			runOnlyForDeploymentPostprocessing = 0;
		};
/* End PBXSourcesBuildPhase section */

/* Begin PBXTargetDependency section */
		DAE1E9D61BC7929900DC7272 /* PBXTargetDependency */ = {
			isa = PBXTargetDependency;
			target = DAE1E9BA1BC7929900DC7272 /* 3D Test */;
			targetProxy = DAE1E9D51BC7929900DC7272 /* PBXContainerItemProxy */;
		};
		DAE1E9E11BC7929900DC7272 /* PBXTargetDependency */ = {
			isa = PBXTargetDependency;
			target = DAE1E9BA1BC7929900DC7272 /* 3D Test */;
			targetProxy = DAE1E9E01BC7929900DC7272 /* PBXContainerItemProxy */;
		};
/* End PBXTargetDependency section */

/* Begin PBXVariantGroup section */
		DAC190601BC905BD00F3808C /* Localizable.strings */ = {
			isa = PBXVariantGroup;
			children = (
				DAC1905F1BC905BD00F3808C /* Base */,
				DAC190621BC905C100F3808C /* zh-Hans */,
			);
			name = Localizable.strings;
			sourceTree = "<group>";
		};
		DAE1E9C71BC7929900DC7272 /* Main.storyboard */ = {
			isa = PBXVariantGroup;
			children = (
				DAE1E9C81BC7929900DC7272 /* Base */,
				DAB1FA6C1BCE5FB500EBCE2A /* zh-Hans */,
			);
			name = Main.storyboard;
			sourceTree = "<group>";
		};
		DAE1E9CC1BC7929900DC7272 /* LaunchScreen.storyboard */ = {
			isa = PBXVariantGroup;
			children = (
				DAE1E9CD1BC7929900DC7272 /* Base */,
				DAC1905D1BC9059B00F3808C /* zh-Hans */,
			);
			name = LaunchScreen.storyboard;
			sourceTree = "<group>";
		};
/* End PBXVariantGroup section */

/* Begin XCBuildConfiguration section */
		DAE1E9E61BC7929900DC7272 /* Debug */ = {
			isa = XCBuildConfiguration;
			buildSettings = {
				ALWAYS_SEARCH_USER_PATHS = NO;
				CLANG_CXX_LANGUAGE_STANDARD = "gnu++0x";
				CLANG_CXX_LIBRARY = "libc++";
				CLANG_ENABLE_MODULES = YES;
				CLANG_ENABLE_OBJC_ARC = YES;
				CLANG_WARN_BOOL_CONVERSION = YES;
				CLANG_WARN_CONSTANT_CONVERSION = YES;
				CLANG_WARN_DIRECT_OBJC_ISA_USAGE = YES_ERROR;
				CLANG_WARN_EMPTY_BODY = YES;
				CLANG_WARN_ENUM_CONVERSION = YES;
				CLANG_WARN_INT_CONVERSION = YES;
				CLANG_WARN_OBJC_ROOT_CLASS = YES_ERROR;
				CLANG_WARN_UNREACHABLE_CODE = YES;
				CLANG_WARN__DUPLICATE_METHOD_MATCH = YES;
				"CODE_SIGN_IDENTITY[sdk=iphoneos*]" = "iPhone Developer";
				COPY_PHASE_STRIP = NO;
				DEBUG_INFORMATION_FORMAT = dwarf;
				ENABLE_STRICT_OBJC_MSGSEND = YES;
				ENABLE_TESTABILITY = YES;
				GCC_C_LANGUAGE_STANDARD = gnu99;
				GCC_DYNAMIC_NO_PIC = NO;
				GCC_NO_COMMON_BLOCKS = YES;
				GCC_OPTIMIZATION_LEVEL = 0;
				GCC_PREPROCESSOR_DEFINITIONS = (
					"DEBUG=1",
					"$(inherited)",
				);
				GCC_WARN_64_TO_32_BIT_CONVERSION = YES;
				GCC_WARN_ABOUT_RETURN_TYPE = YES_ERROR;
				GCC_WARN_UNDECLARED_SELECTOR = YES;
				GCC_WARN_UNINITIALIZED_AUTOS = YES_AGGRESSIVE;
				GCC_WARN_UNUSED_FUNCTION = YES;
				GCC_WARN_UNUSED_VARIABLE = YES;
				IPHONEOS_DEPLOYMENT_TARGET = 9.0;
				MTL_ENABLE_DEBUG_INFO = YES;
				ONLY_ACTIVE_ARCH = YES;
				SCAN_ALL_SOURCE_FILES_FOR_INCLUDES = YES;
				SDKROOT = iphoneos;
				TARGETED_DEVICE_FAMILY = "1,2";
			};
			name = Debug;
		};
		DAE1E9E71BC7929900DC7272 /* Release */ = {
			isa = XCBuildConfiguration;
			buildSettings = {
				ALWAYS_SEARCH_USER_PATHS = NO;
				CLANG_CXX_LANGUAGE_STANDARD = "gnu++0x";
				CLANG_CXX_LIBRARY = "libc++";
				CLANG_ENABLE_MODULES = YES;
				CLANG_ENABLE_OBJC_ARC = YES;
				CLANG_WARN_BOOL_CONVERSION = YES;
				CLANG_WARN_CONSTANT_CONVERSION = YES;
				CLANG_WARN_DIRECT_OBJC_ISA_USAGE = YES_ERROR;
				CLANG_WARN_EMPTY_BODY = YES;
				CLANG_WARN_ENUM_CONVERSION = YES;
				CLANG_WARN_INT_CONVERSION = YES;
				CLANG_WARN_OBJC_ROOT_CLASS = YES_ERROR;
				CLANG_WARN_UNREACHABLE_CODE = YES;
				CLANG_WARN__DUPLICATE_METHOD_MATCH = YES;
				"CODE_SIGN_IDENTITY[sdk=iphoneos*]" = "iPhone Developer";
				COPY_PHASE_STRIP = NO;
				DEBUG_INFORMATION_FORMAT = "dwarf-with-dsym";
				ENABLE_NS_ASSERTIONS = NO;
				ENABLE_STRICT_OBJC_MSGSEND = YES;
				GCC_C_LANGUAGE_STANDARD = gnu99;
				GCC_NO_COMMON_BLOCKS = YES;
				GCC_WARN_64_TO_32_BIT_CONVERSION = YES;
				GCC_WARN_ABOUT_RETURN_TYPE = YES_ERROR;
				GCC_WARN_UNDECLARED_SELECTOR = YES;
				GCC_WARN_UNINITIALIZED_AUTOS = YES_AGGRESSIVE;
				GCC_WARN_UNUSED_FUNCTION = YES;
				GCC_WARN_UNUSED_VARIABLE = YES;
				IPHONEOS_DEPLOYMENT_TARGET = 9.0;
				MTL_ENABLE_DEBUG_INFO = NO;
				SCAN_ALL_SOURCE_FILES_FOR_INCLUDES = YES;
				SDKROOT = iphoneos;
				TARGETED_DEVICE_FAMILY = "1,2";
				VALIDATE_PRODUCT = YES;
			};
			name = Release;
		};
		DAE1E9E91BC7929900DC7272 /* Debug */ = {
			isa = XCBuildConfiguration;
			baseConfigurationReference = 70094EE5BE5399809F5721BA /* Pods.debug.xcconfig */;
			buildSettings = {
				ASSETCATALOG_COMPILER_APPICON_NAME = AppIcon;
				ENABLE_BITCODE = NO;
				FRAMEWORK_SEARCH_PATHS = (
					"$(inherited)",
					"$(PROJECT_DIR)",
				);
				INFOPLIST_FILE = "3D Test/Info.plist";
				LD_RUNPATH_SEARCH_PATHS = "$(inherited) @executable_path/Frameworks";
				PRODUCT_BUNDLE_IDENTIFIER = "com.daoyuan.study.-D-Test";
				PRODUCT_NAME = "$(TARGET_NAME)";
			};
			name = Debug;
		};
		DAE1E9EA1BC7929900DC7272 /* Release */ = {
			isa = XCBuildConfiguration;
			baseConfigurationReference = 332E95F1A26281648206D719 /* Pods.release.xcconfig */;
			buildSettings = {
				ASSETCATALOG_COMPILER_APPICON_NAME = AppIcon;
				ENABLE_BITCODE = NO;
				FRAMEWORK_SEARCH_PATHS = (
					"$(inherited)",
					"$(PROJECT_DIR)",
				);
				INFOPLIST_FILE = "3D Test/Info.plist";
				LD_RUNPATH_SEARCH_PATHS = "$(inherited) @executable_path/Frameworks";
				PRODUCT_BUNDLE_IDENTIFIER = "com.daoyuan.study.-D-Test";
				PRODUCT_NAME = "$(TARGET_NAME)";
			};
			name = Release;
		};
		DAE1E9EC1BC7929900DC7272 /* Debug */ = {
			isa = XCBuildConfiguration;
			buildSettings = {
				BUNDLE_LOADER = "$(TEST_HOST)";
				INFOPLIST_FILE = "3D TestTests/Info.plist";
				LD_RUNPATH_SEARCH_PATHS = "$(inherited) @executable_path/Frameworks @loader_path/Frameworks";
				PRODUCT_BUNDLE_IDENTIFIER = "com.daoyuan.study.-D-TestTests";
				PRODUCT_NAME = "$(TARGET_NAME)";
				TEST_HOST = "$(BUILT_PRODUCTS_DIR)/3D Test.app/3D Test";
			};
			name = Debug;
		};
		DAE1E9ED1BC7929900DC7272 /* Release */ = {
			isa = XCBuildConfiguration;
			buildSettings = {
				BUNDLE_LOADER = "$(TEST_HOST)";
				INFOPLIST_FILE = "3D TestTests/Info.plist";
				LD_RUNPATH_SEARCH_PATHS = "$(inherited) @executable_path/Frameworks @loader_path/Frameworks";
				PRODUCT_BUNDLE_IDENTIFIER = "com.daoyuan.study.-D-TestTests";
				PRODUCT_NAME = "$(TARGET_NAME)";
				TEST_HOST = "$(BUILT_PRODUCTS_DIR)/3D Test.app/3D Test";
			};
			name = Release;
		};
		DAE1E9EF1BC7929900DC7272 /* Debug */ = {
			isa = XCBuildConfiguration;
			buildSettings = {
				INFOPLIST_FILE = "3D TestUITests/Info.plist";
				LD_RUNPATH_SEARCH_PATHS = "$(inherited) @executable_path/Frameworks @loader_path/Frameworks";
				PRODUCT_BUNDLE_IDENTIFIER = "com.daoyuan.study.-D-TestUITests";
				PRODUCT_NAME = "$(TARGET_NAME)";
				TEST_TARGET_NAME = "3D Test";
				USES_XCTRUNNER = YES;
			};
			name = Debug;
		};
		DAE1E9F01BC7929900DC7272 /* Release */ = {
			isa = XCBuildConfiguration;
			buildSettings = {
				INFOPLIST_FILE = "3D TestUITests/Info.plist";
				LD_RUNPATH_SEARCH_PATHS = "$(inherited) @executable_path/Frameworks @loader_path/Frameworks";
				PRODUCT_BUNDLE_IDENTIFIER = "com.daoyuan.study.-D-TestUITests";
				PRODUCT_NAME = "$(TARGET_NAME)";
				TEST_TARGET_NAME = "3D Test";
				USES_XCTRUNNER = YES;
			};
			name = Release;
		};
/* End XCBuildConfiguration section */

/* Begin XCConfigurationList section */
		DAE1E9B61BC7929900DC7272 /* Build configuration list for PBXProject "3D Test" */ = {
			isa = XCConfigurationList;
			buildConfigurations = (
				DAE1E9E61BC7929900DC7272 /* Debug */,
				DAE1E9E71BC7929900DC7272 /* Release */,
			);
			defaultConfigurationIsVisible = 0;
			defaultConfigurationName = Release;
		};
		DAE1E9E81BC7929900DC7272 /* Build configuration list for PBXNativeTarget "3D Test" */ = {
			isa = XCConfigurationList;
			buildConfigurations = (
				DAE1E9E91BC7929900DC7272 /* Debug */,
				DAE1E9EA1BC7929900DC7272 /* Release */,
			);
			defaultConfigurationIsVisible = 0;
			defaultConfigurationName = Release;
		};
		DAE1E9EB1BC7929900DC7272 /* Build configuration list for PBXNativeTarget "3D TestTests" */ = {
			isa = XCConfigurationList;
			buildConfigurations = (
				DAE1E9EC1BC7929900DC7272 /* Debug */,
				DAE1E9ED1BC7929900DC7272 /* Release */,
			);
			defaultConfigurationIsVisible = 0;
			defaultConfigurationName = Release;
		};
		DAE1E9EE1BC7929900DC7272 /* Build configuration list for PBXNativeTarget "3D TestUITests" */ = {
			isa = XCConfigurationList;
			buildConfigurations = (
				DAE1E9EF1BC7929900DC7272 /* Debug */,
				DAE1E9F01BC7929900DC7272 /* Release */,
			);
			defaultConfigurationIsVisible = 0;
			defaultConfigurationName = Release;
		};
/* End XCConfigurationList section */
	};
	rootObject = DAE1E9B31BC7929900DC7272 /* Project object */;
}
